// !$*UTF8*$!
{
	archiveVersion = 1;
	classes = {
	};
	objectVersion = 56;
	objects = {

/* Begin PBXBuildFile section */
		8117C5932906938400284145 /* CocoaPodsAppModel.xcdatamodeld in Sources */ = {isa = PBXBuildFile; fileRef = 8117C5912906938400284145 /* CocoaPodsAppModel.xcdatamodeld */; };
		8117C595290693EA00284145 /* Person.swift in Sources */ = {isa = PBXBuildFile; fileRef = 8117C594290693EA00284145 /* Person.swift */; };
		81AC8E2129068170000E6BE2 /* AppDelegate.swift in Sources */ = {isa = PBXBuildFile; fileRef = 81AC8E2029068170000E6BE2 /* AppDelegate.swift */; };
		81AC8E2329068170000E6BE2 /* SceneDelegate.swift in Sources */ = {isa = PBXBuildFile; fileRef = 81AC8E2229068170000E6BE2 /* SceneDelegate.swift */; };
		81AC8E2529068170000E6BE2 /* ViewController.swift in Sources */ = {isa = PBXBuildFile; fileRef = 81AC8E2429068170000E6BE2 /* ViewController.swift */; };
		81AC8E2829068170000E6BE2 /* Main.storyboard in Resources */ = {isa = PBXBuildFile; fileRef = 81AC8E2629068170000E6BE2 /* Main.storyboard */; };
		81AC8E2A29068171000E6BE2 /* Assets.xcassets in Resources */ = {isa = PBXBuildFile; fileRef = 81AC8E2929068171000E6BE2 /* Assets.xcassets */; };
		81AC8E2D29068171000E6BE2 /* LaunchScreen.storyboard in Resources */ = {isa = PBXBuildFile; fileRef = 81AC8E2B29068171000E6BE2 /* LaunchScreen.storyboard */; };
		81AC8E3829068171000E6BE2 /* CocoaPodsAppTests.swift in Sources */ = {isa = PBXBuildFile; fileRef = 81AC8E3729068171000E6BE2 /* CocoaPodsAppTests.swift */; };
		C7CDBE28BB69010DE851AADC /* Pods_CocoaPodsAppTests.framework in Frameworks */ = {isa = PBXBuildFile; fileRef = 16E0D1E13EF40EC3926669B2 /* Pods_CocoaPodsAppTests.framework */; };
		EC10CB2A8B9CFD9B7F1D78E7 /* Pods_CocoaPodsApp.framework in Frameworks */ = {isa = PBXBuildFile; fileRef = A9429395D98323135A601050 /* Pods_CocoaPodsApp.framework */; };
/* End PBXBuildFile section */

/* Begin PBXContainerItemProxy section */
		81AC8E3429068171000E6BE2 /* PBXContainerItemProxy */ = {
			isa = PBXContainerItemProxy;
			containerPortal = 81AC8E1529068170000E6BE2 /* Project object */;
			proxyType = 1;
			remoteGlobalIDString = 81AC8E1C29068170000E6BE2;
			remoteInfo = CocoaPodsApp;
		};
/* End PBXContainerItemProxy section */

/* Begin PBXFileReference section */
		16E0D1E13EF40EC3926669B2 /* Pods_CocoaPodsAppTests.framework */ = {isa = PBXFileReference; explicitFileType = wrapper.framework; includeInIndex = 0; path = Pods_CocoaPodsAppTests.framework; sourceTree = BUILT_PRODUCTS_DIR; };
		432C88C912F68D45E64286F6 /* Pods-CocoaPodsApp.release.xcconfig */ = {isa = PBXFileReference; includeInIndex = 1; lastKnownFileType = text.xcconfig; name = "Pods-CocoaPodsApp.release.xcconfig"; path = "Target Support Files/Pods-CocoaPodsApp/Pods-CocoaPodsApp.release.xcconfig"; sourceTree = "<group>"; };
		6BA604D10BC6EE2473C42CAE /* Pods-CocoaPodsAppTests.release.xcconfig */ = {isa = PBXFileReference; includeInIndex = 1; lastKnownFileType = text.xcconfig; name = "Pods-CocoaPodsAppTests.release.xcconfig"; path = "Target Support Files/Pods-CocoaPodsAppTests/Pods-CocoaPodsAppTests.release.xcconfig"; sourceTree = "<group>"; };
		8117C5922906938400284145 /* CocoaPodsAppModel.xcdatamodel */ = {isa = PBXFileReference; lastKnownFileType = wrapper.xcdatamodel; path = CocoaPodsAppModel.xcdatamodel; sourceTree = "<group>"; };
		8117C594290693EA00284145 /* Person.swift */ = {isa = PBXFileReference; lastKnownFileType = sourcecode.swift; path = Person.swift; sourceTree = "<group>"; };
		81AC8E1D29068170000E6BE2 /* CocoaPodsApp.app */ = {isa = PBXFileReference; explicitFileType = wrapper.application; includeInIndex = 0; path = CocoaPodsApp.app; sourceTree = BUILT_PRODUCTS_DIR; };
		81AC8E2029068170000E6BE2 /* AppDelegate.swift */ = {isa = PBXFileReference; lastKnownFileType = sourcecode.swift; path = AppDelegate.swift; sourceTree = "<group>"; };
		81AC8E2229068170000E6BE2 /* SceneDelegate.swift */ = {isa = PBXFileReference; lastKnownFileType = sourcecode.swift; path = SceneDelegate.swift; sourceTree = "<group>"; };
		81AC8E2429068170000E6BE2 /* ViewController.swift */ = {isa = PBXFileReference; lastKnownFileType = sourcecode.swift; path = ViewController.swift; sourceTree = "<group>"; };
		81AC8E2729068170000E6BE2 /* Base */ = {isa = PBXFileReference; lastKnownFileType = file.storyboard; name = Base; path = Base.lproj/Main.storyboard; sourceTree = "<group>"; };
		81AC8E2929068171000E6BE2 /* Assets.xcassets */ = {isa = PBXFileReference; lastKnownFileType = folder.assetcatalog; path = Assets.xcassets; sourceTree = "<group>"; };
		81AC8E2C29068171000E6BE2 /* Base */ = {isa = PBXFileReference; lastKnownFileType = file.storyboard; name = Base; path = Base.lproj/LaunchScreen.storyboard; sourceTree = "<group>"; };
		81AC8E2E29068171000E6BE2 /* Info.plist */ = {isa = PBXFileReference; lastKnownFileType = text.plist.xml; path = Info.plist; sourceTree = "<group>"; };
		81AC8E3329068171000E6BE2 /* CocoaPodsAppTests.xctest */ = {isa = PBXFileReference; explicitFileType = wrapper.cfbundle; includeInIndex = 0; path = CocoaPodsAppTests.xctest; sourceTree = BUILT_PRODUCTS_DIR; };
		81AC8E3729068171000E6BE2 /* CocoaPodsAppTests.swift */ = {isa = PBXFileReference; lastKnownFileType = sourcecode.swift; path = CocoaPodsAppTests.swift; sourceTree = "<group>"; };
		A9429395D98323135A601050 /* Pods_CocoaPodsApp.framework */ = {isa = PBXFileReference; explicitFileType = wrapper.framework; includeInIndex = 0; path = Pods_CocoaPodsApp.framework; sourceTree = BUILT_PRODUCTS_DIR; };
		C3A790B1EF230B46CCCBA2A2 /* Pods-CocoaPodsApp.debug.xcconfig */ = {isa = PBXFileReference; includeInIndex = 1; lastKnownFileType = text.xcconfig; name = "Pods-CocoaPodsApp.debug.xcconfig"; path = "Target Support Files/Pods-CocoaPodsApp/Pods-CocoaPodsApp.debug.xcconfig"; sourceTree = "<group>"; };
		F03D9B9529A138D6D74E4812 /* Pods-CocoaPodsAppTests.debug.xcconfig */ = {isa = PBXFileReference; includeInIndex = 1; lastKnownFileType = text.xcconfig; name = "Pods-CocoaPodsAppTests.debug.xcconfig"; path = "Target Support Files/Pods-CocoaPodsAppTests/Pods-CocoaPodsAppTests.debug.xcconfig"; sourceTree = "<group>"; };
/* End PBXFileReference section */

/* Begin PBXFrameworksBuildPhase section */
		81AC8E1A29068170000E6BE2 /* Frameworks */ = {
			isa = PBXFrameworksBuildPhase;
			buildActionMask = 2147483647;
			files = (
				EC10CB2A8B9CFD9B7F1D78E7 /* Pods_CocoaPodsApp.framework in Frameworks */,
			);
			runOnlyForDeploymentPostprocessing = 0;
		};
		81AC8E3029068171000E6BE2 /* Frameworks */ = {
			isa = PBXFrameworksBuildPhase;
			buildActionMask = 2147483647;
			files = (
				C7CDBE28BB69010DE851AADC /* Pods_CocoaPodsAppTests.framework in Frameworks */,
			);
			runOnlyForDeploymentPostprocessing = 0;
		};
/* End PBXFrameworksBuildPhase section */

/* Begin PBXGroup section */
		12DECC85706E1A88EFB84601 /* Frameworks */ = {
			isa = PBXGroup;
			children = (
				A9429395D98323135A601050 /* Pods_CocoaPodsApp.framework */,
				16E0D1E13EF40EC3926669B2 /* Pods_CocoaPodsAppTests.framework */,
			);
			name = Frameworks;
			sourceTree = "<group>";
		};
		81AC8E1429068170000E6BE2 = {
			isa = PBXGroup;
			children = (
				81AC8E1F29068170000E6BE2 /* CocoaPodsApp */,
				81AC8E3629068171000E6BE2 /* CocoaPodsAppTests */,
				81AC8E1E29068170000E6BE2 /* Products */,
				CB0E9DF987845B6780025D1C /* Pods */,
				12DECC85706E1A88EFB84601 /* Frameworks */,
			);
			sourceTree = "<group>";
		};
		81AC8E1E29068170000E6BE2 /* Products */ = {
			isa = PBXGroup;
			children = (
				81AC8E1D29068170000E6BE2 /* CocoaPodsApp.app */,
				81AC8E3329068171000E6BE2 /* CocoaPodsAppTests.xctest */,
			);
			name = Products;
			sourceTree = "<group>";
		};
		81AC8E1F29068170000E6BE2 /* CocoaPodsApp */ = {
			isa = PBXGroup;
			children = (
				81AC8E2029068170000E6BE2 /* AppDelegate.swift */,
				81AC8E2229068170000E6BE2 /* SceneDelegate.swift */,
				81AC8E2429068170000E6BE2 /* ViewController.swift */,
				81AC8E2629068170000E6BE2 /* Main.storyboard */,
				81AC8E2929068171000E6BE2 /* Assets.xcassets */,
				81AC8E2B29068171000E6BE2 /* LaunchScreen.storyboard */,
				81AC8E2E29068171000E6BE2 /* Info.plist */,
				8117C5912906938400284145 /* CocoaPodsAppModel.xcdatamodeld */,
				8117C594290693EA00284145 /* Person.swift */,
			);
			path = CocoaPodsApp;
			sourceTree = "<group>";
		};
		81AC8E3629068171000E6BE2 /* CocoaPodsAppTests */ = {
			isa = PBXGroup;
			children = (
				81AC8E3729068171000E6BE2 /* CocoaPodsAppTests.swift */,
			);
			path = CocoaPodsAppTests;
			sourceTree = "<group>";
		};
		CB0E9DF987845B6780025D1C /* Pods */ = {
			isa = PBXGroup;
			children = (
				C3A790B1EF230B46CCCBA2A2 /* Pods-CocoaPodsApp.debug.xcconfig */,
				432C88C912F68D45E64286F6 /* Pods-CocoaPodsApp.release.xcconfig */,
				F03D9B9529A138D6D74E4812 /* Pods-CocoaPodsAppTests.debug.xcconfig */,
				6BA604D10BC6EE2473C42CAE /* Pods-CocoaPodsAppTests.release.xcconfig */,
			);
			path = Pods;
			sourceTree = "<group>";
		};
/* End PBXGroup section */

/* Begin PBXNativeTarget section */
		81AC8E1C29068170000E6BE2 /* CocoaPodsApp */ = {
			isa = PBXNativeTarget;
			buildConfigurationList = 81AC8E4729068171000E6BE2 /* Build configuration list for PBXNativeTarget "CocoaPodsApp" */;
			buildPhases = (
				1B3F99FC9613D9D38936E041 /* [CP] Check Pods Manifest.lock */,
				81AC8E1929068170000E6BE2 /* Sources */,
				81AC8E1A29068170000E6BE2 /* Frameworks */,
				81AC8E1B29068170000E6BE2 /* Resources */,
				30C6B75C41E359668C245E0E /* [CP] Embed Pods Frameworks */,
			);
			buildRules = (
			);
			dependencies = (
			);
			name = CocoaPodsApp;
			productName = CocoaPodsApp;
			productReference = 81AC8E1D29068170000E6BE2 /* CocoaPodsApp.app */;
			productType = "com.apple.product-type.application";
		};
		81AC8E3229068171000E6BE2 /* CocoaPodsAppTests */ = {
			isa = PBXNativeTarget;
			buildConfigurationList = 81AC8E4A29068171000E6BE2 /* Build configuration list for PBXNativeTarget "CocoaPodsAppTests" */;
			buildPhases = (
				7414894212673A71C6155C4D /* [CP] Check Pods Manifest.lock */,
				81AC8E2F29068171000E6BE2 /* Sources */,
				81AC8E3029068171000E6BE2 /* Frameworks */,
				81AC8E3129068171000E6BE2 /* Resources */,
			);
			buildRules = (
			);
			dependencies = (
				81AC8E3529068171000E6BE2 /* PBXTargetDependency */,
			);
			name = CocoaPodsAppTests;
			productName = CocoaPodsAppTests;
			productReference = 81AC8E3329068171000E6BE2 /* CocoaPodsAppTests.xctest */;
			productType = "com.apple.product-type.bundle.unit-test";
		};
/* End PBXNativeTarget section */

/* Begin PBXProject section */
		81AC8E1529068170000E6BE2 /* Project object */ = {
			isa = PBXProject;
			attributes = {
				BuildIndependentTargetsInParallel = NO;
				LastSwiftUpdateCheck = 1400;
				LastUpgradeCheck = 1400;
				TargetAttributes = {
					81AC8E1C29068170000E6BE2 = {
						CreatedOnToolsVersion = 14.0.1;
					};
					81AC8E3229068171000E6BE2 = {
						CreatedOnToolsVersion = 14.0.1;
						TestTargetID = 81AC8E1C29068170000E6BE2;
					};
				};
			};
			buildConfigurationList = 81AC8E1829068170000E6BE2 /* Build configuration list for PBXProject "CocoaPodsApp" */;
			compatibilityVersion = "Xcode 14.0";
			developmentRegion = en;
			hasScannedForEncodings = 0;
			knownRegions = (
				en,
				Base,
			);
			mainGroup = 81AC8E1429068170000E6BE2;
			productRefGroup = 81AC8E1E29068170000E6BE2 /* Products */;
			projectDirPath = "";
			projectRoot = "";
			targets = (
				81AC8E1C29068170000E6BE2 /* CocoaPodsApp */,
				81AC8E3229068171000E6BE2 /* CocoaPodsAppTests */,
			);
		};
/* End PBXProject section */

/* Begin PBXResourcesBuildPhase section */
		81AC8E1B29068170000E6BE2 /* Resources */ = {
			isa = PBXResourcesBuildPhase;
			buildActionMask = 2147483647;
			files = (
				81AC8E2D29068171000E6BE2 /* LaunchScreen.storyboard in Resources */,
				81AC8E2A29068171000E6BE2 /* Assets.xcassets in Resources */,
				81AC8E2829068170000E6BE2 /* Main.storyboard in Resources */,
			);
			runOnlyForDeploymentPostprocessing = 0;
		};
		81AC8E3129068171000E6BE2 /* Resources */ = {
			isa = PBXResourcesBuildPhase;
			buildActionMask = 2147483647;
			files = (
			);
			runOnlyForDeploymentPostprocessing = 0;
		};
/* End PBXResourcesBuildPhase section */

/* Begin PBXShellScriptBuildPhase section */
		1B3F99FC9613D9D38936E041 /* [CP] Check Pods Manifest.lock */ = {
			isa = PBXShellScriptBuildPhase;
			buildActionMask = 2147483647;
			files = (
			);
			inputFileListPaths = (
			);
			inputPaths = (
				"${PODS_PODFILE_DIR_PATH}/Podfile.lock",
				"${PODS_ROOT}/Manifest.lock",
			);
			name = "[CP] Check Pods Manifest.lock";
			outputFileListPaths = (
			);
			outputPaths = (
				"$(DERIVED_FILE_DIR)/Pods-CocoaPodsApp-checkManifestLockResult.txt",
			);
			runOnlyForDeploymentPostprocessing = 0;
			shellPath = /bin/sh;
			shellScript = "diff \"${PODS_PODFILE_DIR_PATH}/Podfile.lock\" \"${PODS_ROOT}/Manifest.lock\" > /dev/null\nif [ $? != 0 ] ; then\n    # print error to STDERR\n    echo \"error: The sandbox is not in sync with the Podfile.lock. Run 'pod install' or update your CocoaPods installation.\" >&2\n    exit 1\nfi\n# This output is used by Xcode 'outputs' to avoid re-running this script phase.\necho \"SUCCESS\" > \"${SCRIPT_OUTPUT_FILE_0}\"\n";
			showEnvVarsInLog = 0;
		};
		30C6B75C41E359668C245E0E /* [CP] Embed Pods Frameworks */ = {
			isa = PBXShellScriptBuildPhase;
			buildActionMask = 2147483647;
			files = (
			);
			inputFileListPaths = (
				"${PODS_ROOT}/Target Support Files/Pods-CocoaPodsApp/Pods-CocoaPodsApp-frameworks-${CONFIGURATION}-input-files.xcfilelist",
			);
			name = "[CP] Embed Pods Frameworks";
			outputFileListPaths = (
				"${PODS_ROOT}/Target Support Files/Pods-CocoaPodsApp/Pods-CocoaPodsApp-frameworks-${CONFIGURATION}-output-files.xcfilelist",
			);
			runOnlyForDeploymentPostprocessing = 0;
			shellPath = /bin/sh;
			shellScript = "\"${PODS_ROOT}/Target Support Files/Pods-CocoaPodsApp/Pods-CocoaPodsApp-frameworks.sh\"\n";
			showEnvVarsInLog = 0;
		};
		7414894212673A71C6155C4D /* [CP] Check Pods Manifest.lock */ = {
			isa = PBXShellScriptBuildPhase;
			buildActionMask = 2147483647;
			files = (
			);
			inputFileListPaths = (
			);
			inputPaths = (
				"${PODS_PODFILE_DIR_PATH}/Podfile.lock",
				"${PODS_ROOT}/Manifest.lock",
			);
			name = "[CP] Check Pods Manifest.lock";
			outputFileListPaths = (
			);
			outputPaths = (
				"$(DERIVED_FILE_DIR)/Pods-CocoaPodsAppTests-checkManifestLockResult.txt",
			);
			runOnlyForDeploymentPostprocessing = 0;
			shellPath = /bin/sh;
			shellScript = "diff \"${PODS_PODFILE_DIR_PATH}/Podfile.lock\" \"${PODS_ROOT}/Manifest.lock\" > /dev/null\nif [ $? != 0 ] ; then\n    # print error to STDERR\n    echo \"error: The sandbox is not in sync with the Podfile.lock. Run 'pod install' or update your CocoaPods installation.\" >&2\n    exit 1\nfi\n# This output is used by Xcode 'outputs' to avoid re-running this script phase.\necho \"SUCCESS\" > \"${SCRIPT_OUTPUT_FILE_0}\"\n";
			showEnvVarsInLog = 0;
		};
/* End PBXShellScriptBuildPhase section */

/* Begin PBXSourcesBuildPhase section */
		81AC8E1929068170000E6BE2 /* Sources */ = {
			isa = PBXSourcesBuildPhase;
			buildActionMask = 2147483647;
			files = (
				8117C595290693EA00284145 /* Person.swift in Sources */,
				81AC8E2529068170000E6BE2 /* ViewController.swift in Sources */,
				81AC8E2129068170000E6BE2 /* AppDelegate.swift in Sources */,
				81AC8E2329068170000E6BE2 /* SceneDelegate.swift in Sources */,
				8117C5932906938400284145 /* CocoaPodsAppModel.xcdatamodeld in Sources */,
			);
			runOnlyForDeploymentPostprocessing = 0;
		};
		81AC8E2F29068171000E6BE2 /* Sources */ = {
			isa = PBXSourcesBuildPhase;
			buildActionMask = 2147483647;
			files = (
				81AC8E3829068171000E6BE2 /* CocoaPodsAppTests.swift in Sources */,
			);
			runOnlyForDeploymentPostprocessing = 0;
		};
/* End PBXSourcesBuildPhase section */

/* Begin PBXTargetDependency section */
		81AC8E3529068171000E6BE2 /* PBXTargetDependency */ = {
			isa = PBXTargetDependency;
			target = 81AC8E1C29068170000E6BE2 /* CocoaPodsApp */;
			targetProxy = 81AC8E3429068171000E6BE2 /* PBXContainerItemProxy */;
		};
/* End PBXTargetDependency section */

/* Begin PBXVariantGroup section */
		81AC8E2629068170000E6BE2 /* Main.storyboard */ = {
			isa = PBXVariantGroup;
			children = (
				81AC8E2729068170000E6BE2 /* Base */,
			);
			name = Main.storyboard;
			sourceTree = "<group>";
		};
		81AC8E2B29068171000E6BE2 /* LaunchScreen.storyboard */ = {
			isa = PBXVariantGroup;
			children = (
				81AC8E2C29068171000E6BE2 /* Base */,
			);
			name = LaunchScreen.storyboard;
			sourceTree = "<group>";
		};
/* End PBXVariantGroup section */

/* Begin XCBuildConfiguration section */
		81AC8E4529068171000E6BE2 /* Debug */ = {
			isa = XCBuildConfiguration;
			buildSettings = {
				ALWAYS_SEARCH_USER_PATHS = NO;
				CLANG_ANALYZER_NONNULL = YES;
				CLANG_ANALYZER_NUMBER_OBJECT_CONVERSION = YES_AGGRESSIVE;
				CLANG_CXX_LANGUAGE_STANDARD = "gnu++20";
				CLANG_ENABLE_MODULES = YES;
				CLANG_ENABLE_OBJC_ARC = YES;
				CLANG_ENABLE_OBJC_WEAK = YES;
				CLANG_WARN_BLOCK_CAPTURE_AUTORELEASING = YES;
				CLANG_WARN_BOOL_CONVERSION = YES;
				CLANG_WARN_COMMA = YES;
				CLANG_WARN_CONSTANT_CONVERSION = YES;
				CLANG_WARN_DEPRECATED_OBJC_IMPLEMENTATIONS = YES;
				CLANG_WARN_DIRECT_OBJC_ISA_USAGE = YES_ERROR;
				CLANG_WARN_DOCUMENTATION_COMMENTS = YES;
				CLANG_WARN_EMPTY_BODY = YES;
				CLANG_WARN_ENUM_CONVERSION = YES;
				CLANG_WARN_INFINITE_RECURSION = YES;
				CLANG_WARN_INT_CONVERSION = YES;
				CLANG_WARN_NON_LITERAL_NULL_CONVERSION = YES;
				CLANG_WARN_OBJC_IMPLICIT_RETAIN_SELF = YES;
				CLANG_WARN_OBJC_LITERAL_CONVERSION = YES;
				CLANG_WARN_OBJC_ROOT_CLASS = YES_ERROR;
				CLANG_WARN_QUOTED_INCLUDE_IN_FRAMEWORK_HEADER = YES;
				CLANG_WARN_RANGE_LOOP_ANALYSIS = YES;
				CLANG_WARN_STRICT_PROTOTYPES = YES;
				CLANG_WARN_SUSPICIOUS_MOVE = YES;
				CLANG_WARN_UNGUARDED_AVAILABILITY = YES_AGGRESSIVE;
				CLANG_WARN_UNREACHABLE_CODE = YES;
				CLANG_WARN__DUPLICATE_METHOD_MATCH = YES;
				COPY_PHASE_STRIP = NO;
				DEBUG_INFORMATION_FORMAT = dwarf;
				ENABLE_STRICT_OBJC_MSGSEND = YES;
				ENABLE_TESTABILITY = YES;
				GCC_C_LANGUAGE_STANDARD = gnu11;
				GCC_DYNAMIC_NO_PIC = NO;
				GCC_NO_COMMON_BLOCKS = YES;
				GCC_OPTIMIZATION_LEVEL = 0;
				GCC_PREPROCESSOR_DEFINITIONS = (
					"DEBUG=1",
					"$(inherited)",
				);
				GCC_WARN_64_TO_32_BIT_CONVERSION = YES;
				GCC_WARN_ABOUT_RETURN_TYPE = YES_ERROR;
				GCC_WARN_UNDECLARED_SELECTOR = YES;
				GCC_WARN_UNINITIALIZED_AUTOS = YES_AGGRESSIVE;
				GCC_WARN_UNUSED_FUNCTION = YES;
				GCC_WARN_UNUSED_VARIABLE = YES;
				IPHONEOS_DEPLOYMENT_TARGET = 15.0;
				MTL_ENABLE_DEBUG_INFO = INCLUDE_SOURCE;
				MTL_FAST_MATH = YES;
				ONLY_ACTIVE_ARCH = YES;
				SDKROOT = iphoneos;
				SWIFT_ACTIVE_COMPILATION_CONDITIONS = DEBUG;
				SWIFT_OPTIMIZATION_LEVEL = "-Onone";
			};
			name = Debug;
		};
		81AC8E4629068171000E6BE2 /* Release */ = {
			isa = XCBuildConfiguration;
			buildSettings = {
				ALWAYS_SEARCH_USER_PATHS = NO;
				CLANG_ANALYZER_NONNULL = YES;
				CLANG_ANALYZER_NUMBER_OBJECT_CONVERSION = YES_AGGRESSIVE;
				CLANG_CXX_LANGUAGE_STANDARD = "gnu++20";
				CLANG_ENABLE_MODULES = YES;
				CLANG_ENABLE_OBJC_ARC = YES;
				CLANG_ENABLE_OBJC_WEAK = YES;
				CLANG_WARN_BLOCK_CAPTURE_AUTORELEASING = YES;
				CLANG_WARN_BOOL_CONVERSION = YES;
				CLANG_WARN_COMMA = YES;
				CLANG_WARN_CONSTANT_CONVERSION = YES;
				CLANG_WARN_DEPRECATED_OBJC_IMPLEMENTATIONS = YES;
				CLANG_WARN_DIRECT_OBJC_ISA_USAGE = YES_ERROR;
				CLANG_WARN_DOCUMENTATION_COMMENTS = YES;
				CLANG_WARN_EMPTY_BODY = YES;
				CLANG_WARN_ENUM_CONVERSION = YES;
				CLANG_WARN_INFINITE_RECURSION = YES;
				CLANG_WARN_INT_CONVERSION = YES;
				CLANG_WARN_NON_LITERAL_NULL_CONVERSION = YES;
				CLANG_WARN_OBJC_IMPLICIT_RETAIN_SELF = YES;
				CLANG_WARN_OBJC_LITERAL_CONVERSION = YES;
				CLANG_WARN_OBJC_ROOT_CLASS = YES_ERROR;
				CLANG_WARN_QUOTED_INCLUDE_IN_FRAMEWORK_HEADER = YES;
				CLANG_WARN_RANGE_LOOP_ANALYSIS = YES;
				CLANG_WARN_STRICT_PROTOTYPES = YES;
				CLANG_WARN_SUSPICIOUS_MOVE = YES;
				CLANG_WARN_UNGUARDED_AVAILABILITY = YES_AGGRESSIVE;
				CLANG_WARN_UNREACHABLE_CODE = YES;
				CLANG_WARN__DUPLICATE_METHOD_MATCH = YES;
				COPY_PHASE_STRIP = NO;
				DEBUG_INFORMATION_FORMAT = "dwarf-with-dsym";
				ENABLE_NS_ASSERTIONS = NO;
				ENABLE_STRICT_OBJC_MSGSEND = YES;
				GCC_C_LANGUAGE_STANDARD = gnu11;
				GCC_NO_COMMON_BLOCKS = YES;
				GCC_WARN_64_TO_32_BIT_CONVERSION = YES;
				GCC_WARN_ABOUT_RETURN_TYPE = YES_ERROR;
				GCC_WARN_UNDECLARED_SELECTOR = YES;
				GCC_WARN_UNINITIALIZED_AUTOS = YES_AGGRESSIVE;
				GCC_WARN_UNUSED_FUNCTION = YES;
				GCC_WARN_UNUSED_VARIABLE = YES;
				IPHONEOS_DEPLOYMENT_TARGET = 15.0;
				MTL_ENABLE_DEBUG_INFO = NO;
				MTL_FAST_MATH = YES;
				SDKROOT = iphoneos;
				SWIFT_COMPILATION_MODE = wholemodule;
				SWIFT_OPTIMIZATION_LEVEL = "-O";
				VALIDATE_PRODUCT = YES;
			};
			name = Release;
		};
		81AC8E4829068171000E6BE2 /* Debug */ = {
			isa = XCBuildConfiguration;
			baseConfigurationReference = C3A790B1EF230B46CCCBA2A2 /* Pods-CocoaPodsApp.debug.xcconfig */;
			buildSettings = {
				ASSETCATALOG_COMPILER_APPICON_NAME = AppIcon;
				ASSETCATALOG_COMPILER_GLOBAL_ACCENT_COLOR_NAME = AccentColor;
				CODE_SIGN_STYLE = Automatic;
				CURRENT_PROJECT_VERSION = 1;
				GENERATE_INFOPLIST_FILE = YES;
				INFOPLIST_FILE = CocoaPodsApp/Info.plist;
				INFOPLIST_KEY_UIApplicationSupportsIndirectInputEvents = YES;
				INFOPLIST_KEY_UILaunchStoryboardName = LaunchScreen;
				INFOPLIST_KEY_UIMainStoryboardFile = Main;
				INFOPLIST_KEY_UISupportedInterfaceOrientations_iPad = "UIInterfaceOrientationPortrait UIInterfaceOrientationPortraitUpsideDown UIInterfaceOrientationLandscapeLeft UIInterfaceOrientationLandscapeRight";
				INFOPLIST_KEY_UISupportedInterfaceOrientations_iPhone = "UIInterfaceOrientationPortrait UIInterfaceOrientationLandscapeLeft UIInterfaceOrientationLandscapeRight";
				LD_RUNPATH_SEARCH_PATHS = (
					"$(inherited)",
					"@executable_path/Frameworks",
				);
				MARKETING_VERSION = 1.0;
				PRODUCT_BUNDLE_IDENTIFIER = com.tomkuku.CocoaPodsApp;
				PRODUCT_NAME = "$(TARGET_NAME)";
				SUPPORTED_PLATFORMS = "iphoneos iphonesimulator";
				SUPPORTS_MACCATALYST = NO;
				SUPPORTS_MAC_DESIGNED_FOR_IPHONE_IPAD = NO;
				SWIFT_EMIT_LOC_STRINGS = YES;
				SWIFT_VERSION = 5.0;
				TARGETED_DEVICE_FAMILY = 1;
			};
			name = Debug;
		};
		81AC8E4929068171000E6BE2 /* Release */ = {
			isa = XCBuildConfiguration;
			baseConfigurationReference = 432C88C912F68D45E64286F6 /* Pods-CocoaPodsApp.release.xcconfig */;
			buildSettings = {
				ASSETCATALOG_COMPILER_APPICON_NAME = AppIcon;
				ASSETCATALOG_COMPILER_GLOBAL_ACCENT_COLOR_NAME = AccentColor;
				CODE_SIGN_STYLE = Automatic;
				CURRENT_PROJECT_VERSION = 1;
				GENERATE_INFOPLIST_FILE = YES;
				INFOPLIST_FILE = CocoaPodsApp/Info.plist;
				INFOPLIST_KEY_UIApplicationSupportsIndirectInputEvents = YES;
				INFOPLIST_KEY_UILaunchStoryboardName = LaunchScreen;
				INFOPLIST_KEY_UIMainStoryboardFile = Main;
				INFOPLIST_KEY_UISupportedInterfaceOrientations_iPad = "UIInterfaceOrientationPortrait UIInterfaceOrientationPortraitUpsideDown UIInterfaceOrientationLandscapeLeft UIInterfaceOrientationLandscapeRight";
				INFOPLIST_KEY_UISupportedInterfaceOrientations_iPhone = "UIInterfaceOrientationPortrait UIInterfaceOrientationLandscapeLeft UIInterfaceOrientationLandscapeRight";
				LD_RUNPATH_SEARCH_PATHS = (
					"$(inherited)",
					"@executable_path/Frameworks",
				);
				MARKETING_VERSION = 1.0;
				PRODUCT_BUNDLE_IDENTIFIER = com.tomkuku.CocoaPodsApp;
				PRODUCT_NAME = "$(TARGET_NAME)";
				SUPPORTED_PLATFORMS = "iphoneos iphonesimulator";
				SUPPORTS_MACCATALYST = NO;
				SUPPORTS_MAC_DESIGNED_FOR_IPHONE_IPAD = NO;
				SWIFT_EMIT_LOC_STRINGS = YES;
				SWIFT_VERSION = 5.0;
				TARGETED_DEVICE_FAMILY = 1;
			};
			name = Release;
		};
		81AC8E4B29068171000E6BE2 /* Debug */ = {
			isa = XCBuildConfiguration;
			baseConfigurationReference = F03D9B9529A138D6D74E4812 /* Pods-CocoaPodsAppTests.debug.xcconfig */;
			buildSettings = {
				ALWAYS_EMBED_SWIFT_STANDARD_LIBRARIES = YES;
				BUNDLE_LOADER = "$(TEST_HOST)";
				CODE_SIGN_STYLE = Automatic;
				CURRENT_PROJECT_VERSION = 1;
				GENERATE_INFOPLIST_FILE = YES;
				IPHONEOS_DEPLOYMENT_TARGET = 15.0;
				MARKETING_VERSION = 1.0;
				PRODUCT_BUNDLE_IDENTIFIER = com.tomkuku.CocoaPodsAppTests;
				PRODUCT_NAME = "$(TARGET_NAME)";
				SUPPORTED_PLATFORMS = "iphoneos iphonesimulator";
				SUPPORTS_MACCATALYST = NO;
				SUPPORTS_MAC_DESIGNED_FOR_IPHONE_IPAD = NO;
				SWIFT_EMIT_LOC_STRINGS = NO;
				SWIFT_VERSION = 5.0;
				TARGETED_DEVICE_FAMILY = 1;
				TEST_HOST = "$(BUILT_PRODUCTS_DIR)/CocoaPodsApp.app/$(BUNDLE_EXECUTABLE_FOLDER_PATH)/CocoaPodsApp";
			};
			name = Debug;
		};
		81AC8E4C29068171000E6BE2 /* Release */ = {
			isa = XCBuildConfiguration;
			baseConfigurationReference = 6BA604D10BC6EE2473C42CAE /* Pods-CocoaPodsAppTests.release.xcconfig */;
			buildSettings = {
				ALWAYS_EMBED_SWIFT_STANDARD_LIBRARIES = YES;
				BUNDLE_LOADER = "$(TEST_HOST)";
				CODE_SIGN_STYLE = Automatic;
				CURRENT_PROJECT_VERSION = 1;
				GENERATE_INFOPLIST_FILE = YES;
				IPHONEOS_DEPLOYMENT_TARGET = 15.0;
				MARKETING_VERSION = 1.0;
				PRODUCT_BUNDLE_IDENTIFIER = com.tomkuku.CocoaPodsAppTests;
				PRODUCT_NAME = "$(TARGET_NAME)";
				SUPPORTED_PLATFORMS = "iphoneos iphonesimulator";
				SUPPORTS_MACCATALYST = NO;
				SUPPORTS_MAC_DESIGNED_FOR_IPHONE_IPAD = NO;
				SWIFT_EMIT_LOC_STRINGS = NO;
				SWIFT_VERSION = 5.0;
				TARGETED_DEVICE_FAMILY = 1;
				TEST_HOST = "$(BUILT_PRODUCTS_DIR)/CocoaPodsApp.app/$(BUNDLE_EXECUTABLE_FOLDER_PATH)/CocoaPodsApp";
			};
			name = Release;
		};
/* End XCBuildConfiguration section */

/* Begin XCConfigurationList section */
		81AC8E1829068170000E6BE2 /* Build configuration list for PBXProject "CocoaPodsApp" */ = {
			isa = XCConfigurationList;
			buildConfigurations = (
				81AC8E4529068171000E6BE2 /* Debug */,
				81AC8E4629068171000E6BE2 /* Release */,
			);
			defaultConfigurationIsVisible = 0;
			defaultConfigurationName = Debug;
		};
		81AC8E4729068171000E6BE2 /* Build configuration list for PBXNativeTarget "CocoaPodsApp" */ = {
			isa = XCConfigurationList;
			buildConfigurations = (
				81AC8E4829068171000E6BE2 /* Debug */,
				81AC8E4929068171000E6BE2 /* Release */,
			);
			defaultConfigurationIsVisible = 0;
			defaultConfigurationName = Debug;
		};
		81AC8E4A29068171000E6BE2 /* Build configuration list for PBXNativeTarget "CocoaPodsAppTests" */ = {
			isa = XCConfigurationList;
			buildConfigurations = (
				81AC8E4B29068171000E6BE2 /* Debug */,
				81AC8E4C29068171000E6BE2 /* Release */,
			);
			defaultConfigurationIsVisible = 0;
			defaultConfigurationName = Debug;
		};
/* End XCConfigurationList section */

/* Begin XCVersionGroup section */
		8117C5912906938400284145 /* CocoaPodsAppModel.xcdatamodeld */ = {
			isa = XCVersionGroup;
			children = (
				8117C5922906938400284145 /* CocoaPodsAppModel.xcdatamodel */,
			);
			currentVersion = 8117C5922906938400284145 /* CocoaPodsAppModel.xcdatamodel */;
			path = CocoaPodsAppModel.xcdatamodeld;
			sourceTree = "<group>";
			versionGroupType = wrapper.xcdatamodel;
		};
/* End XCVersionGroup section */
	};
	rootObject = 81AC8E1529068170000E6BE2 /* Project object */;
}
