// !$*UTF8*$!
{
	archiveVersion = 1;
	classes = {
	};
	objectVersion = 55;
	objects = {

/* Begin PBXBuildFile section */
		81021EB228DB943F00F5A049 /* XCTestExpectation+FulfillmentCount.swift in Sources */ = {isa = PBXBuildFile; fileRef = 81021EB128DB943F00F5A049 /* XCTestExpectation+FulfillmentCount.swift */; };
		81204F2928CB269F0059FE8F /* AppDelegate.swift in Sources */ = {isa = PBXBuildFile; fileRef = 81204F2828CB269F0059FE8F /* AppDelegate.swift */; };
		81204F2B28CB269F0059FE8F /* SceneDelegate.swift in Sources */ = {isa = PBXBuildFile; fileRef = 81204F2A28CB269F0059FE8F /* SceneDelegate.swift */; };
		81204F2D28CB269F0059FE8F /* ViewController.swift in Sources */ = {isa = PBXBuildFile; fileRef = 81204F2C28CB269F0059FE8F /* ViewController.swift */; };
		81204F3028CB269F0059FE8F /* Main.storyboard in Resources */ = {isa = PBXBuildFile; fileRef = 81204F2E28CB269F0059FE8F /* Main.storyboard */; };
		81204F3228CB26A00059FE8F /* Assets.xcassets in Resources */ = {isa = PBXBuildFile; fileRef = 81204F3128CB26A00059FE8F /* Assets.xcassets */; };
		81204F3528CB26A00059FE8F /* LaunchScreen.storyboard in Resources */ = {isa = PBXBuildFile; fileRef = 81204F3328CB26A00059FE8F /* LaunchScreen.storyboard */; };
		814A82B528E9AE420078EE85 /* ObserveEntityAttributeTests.swift in Sources */ = {isa = PBXBuildFile; fileRef = 814A82B428E9AE420078EE85 /* ObserveEntityAttributeTests.swift */; };
		81D1561728F56494008FB6E0 /* EntityAttributesTests.swift in Sources */ = {isa = PBXBuildFile; fileRef = 81D1561628F56494008FB6E0 /* EntityAttributesTests.swift */; };
		81D1561A28F56575008FB6E0 /* TestModel.xcdatamodeld in Sources */ = {isa = PBXBuildFile; fileRef = 81D1561828F56575008FB6E0 /* TestModel.xcdatamodeld */; };
		81D1561C28F5663A008FB6E0 /* TestOptionalObject.swift in Sources */ = {isa = PBXBuildFile; fileRef = 81D1561B28F5663A008FB6E0 /* TestOptionalObject.swift */; };
		81D1561F28F56AB9008FB6E0 /* TestNotOptionalObject.swift in Sources */ = {isa = PBXBuildFile; fileRef = 81D1561E28F56AB8008FB6E0 /* TestNotOptionalObject.swift */; };
		81D1562128F59E1A008FB6E0 /* TestRelationshipObject.swift in Sources */ = {isa = PBXBuildFile; fileRef = 81D1562028F59E1A008FB6E0 /* TestRelationshipObject.swift */; };
		81D1562328F59FA2008FB6E0 /* Set+Repating.swift in Sources */ = {isa = PBXBuildFile; fileRef = 81D1562228F59FA2008FB6E0 /* Set+Repating.swift */; };
		81E4E35028CB56DB00D4DABD /* DemoApp.xcdatamodeld in Sources */ = {isa = PBXBuildFile; fileRef = 81E4E34A28CB56DB00D4DABD /* DemoApp.xcdatamodeld */; };
		81E4E35128CB56DB00D4DABD /* Car.swift in Sources */ = {isa = PBXBuildFile; fileRef = 81E4E34D28CB56DB00D4DABD /* Car.swift */; };
		81E4E35228CB56DB00D4DABD /* Employee.swift in Sources */ = {isa = PBXBuildFile; fileRef = 81E4E34E28CB56DB00D4DABD /* Employee.swift */; };
		81E4E35328CB56DB00D4DABD /* Company.swift in Sources */ = {isa = PBXBuildFile; fileRef = 81E4E34F28CB56DB00D4DABD /* Company.swift */; };
		81E4E35728CB572700D4DABD /* BackgroundContextTests.swift in Sources */ = {isa = PBXBuildFile; fileRef = 81E4E35428CB572700D4DABD /* BackgroundContextTests.swift */; };
		81E4E35828CB572700D4DABD /* ViewContextTests.swift in Sources */ = {isa = PBXBuildFile; fileRef = 81E4E35528CB572700D4DABD /* ViewContextTests.swift */; };
		81E4E35928CB572700D4DABD /* FetchedObjectsControllerTests.swift in Sources */ = {isa = PBXBuildFile; fileRef = 81E4E35628CB572700D4DABD /* FetchedObjectsControllerTests.swift */; };
/* End PBXBuildFile section */

/* Begin PBXContainerItemProxy section */
		81204F4428CB291E0059FE8F /* PBXContainerItemProxy */ = {
			isa = PBXContainerItemProxy;
			containerPortal = 81204F1D28CB269F0059FE8F /* Project object */;
			proxyType = 1;
			remoteGlobalIDString = 81204F2428CB269F0059FE8F;
			remoteInfo = DemoAppCocoaPods;
		};
/* End PBXContainerItemProxy section */

/* Begin PBXFileReference section */
		81021EB128DB943F00F5A049 /* XCTestExpectation+FulfillmentCount.swift */ = {isa = PBXFileReference; lastKnownFileType = sourcecode.swift; path = "XCTestExpectation+FulfillmentCount.swift"; sourceTree = "<group>"; };
		81204F2528CB269F0059FE8F /* DemoAppCocoaPods.app */ = {isa = PBXFileReference; explicitFileType = wrapper.application; includeInIndex = 0; path = DemoAppCocoaPods.app; sourceTree = BUILT_PRODUCTS_DIR; };
		81204F2828CB269F0059FE8F /* AppDelegate.swift */ = {isa = PBXFileReference; lastKnownFileType = sourcecode.swift; path = AppDelegate.swift; sourceTree = "<group>"; };
		81204F2A28CB269F0059FE8F /* SceneDelegate.swift */ = {isa = PBXFileReference; lastKnownFileType = sourcecode.swift; path = SceneDelegate.swift; sourceTree = "<group>"; };
		81204F2C28CB269F0059FE8F /* ViewController.swift */ = {isa = PBXFileReference; lastKnownFileType = sourcecode.swift; path = ViewController.swift; sourceTree = "<group>"; };
		81204F2F28CB269F0059FE8F /* Base */ = {isa = PBXFileReference; lastKnownFileType = file.storyboard; name = Base; path = Base.lproj/Main.storyboard; sourceTree = "<group>"; };
		81204F3128CB26A00059FE8F /* Assets.xcassets */ = {isa = PBXFileReference; lastKnownFileType = folder.assetcatalog; path = Assets.xcassets; sourceTree = "<group>"; };
		81204F3428CB26A00059FE8F /* Base */ = {isa = PBXFileReference; lastKnownFileType = file.storyboard; name = Base; path = Base.lproj/LaunchScreen.storyboard; sourceTree = "<group>"; };
		81204F3628CB26A00059FE8F /* Info.plist */ = {isa = PBXFileReference; lastKnownFileType = text.plist.xml; path = Info.plist; sourceTree = "<group>"; };
		81204F4028CB291E0059FE8F /* DemoAppCocoaPodsTests.xctest */ = {isa = PBXFileReference; explicitFileType = wrapper.cfbundle; includeInIndex = 0; path = DemoAppCocoaPodsTests.xctest; sourceTree = BUILT_PRODUCTS_DIR; };
		813AF85928CB51A4007B1F99 /* SwiftDatastore.framework */ = {isa = PBXFileReference; explicitFileType = wrapper.framework; path = SwiftDatastore.framework; sourceTree = BUILT_PRODUCTS_DIR; };
		814A82B428E9AE420078EE85 /* ObserveEntityAttributeTests.swift */ = {isa = PBXFileReference; lastKnownFileType = sourcecode.swift; path = ObserveEntityAttributeTests.swift; sourceTree = "<group>"; };
		81D1561628F56494008FB6E0 /* EntityAttributesTests.swift */ = {isa = PBXFileReference; lastKnownFileType = sourcecode.swift; path = EntityAttributesTests.swift; sourceTree = "<group>"; };
		81D1561928F56575008FB6E0 /* TestModel.xcdatamodel */ = {isa = PBXFileReference; lastKnownFileType = wrapper.xcdatamodel; path = TestModel.xcdatamodel; sourceTree = "<group>"; };
		81D1561B28F5663A008FB6E0 /* TestOptionalObject.swift */ = {isa = PBXFileReference; lastKnownFileType = sourcecode.swift; path = TestOptionalObject.swift; sourceTree = "<group>"; };
		81D1561E28F56AB8008FB6E0 /* TestNotOptionalObject.swift */ = {isa = PBXFileReference; lastKnownFileType = sourcecode.swift; path = TestNotOptionalObject.swift; sourceTree = "<group>"; };
		81D1562028F59E1A008FB6E0 /* TestRelationshipObject.swift */ = {isa = PBXFileReference; lastKnownFileType = sourcecode.swift; path = TestRelationshipObject.swift; sourceTree = "<group>"; };
		81D1562228F59FA2008FB6E0 /* Set+Repating.swift */ = {isa = PBXFileReference; lastKnownFileType = sourcecode.swift; path = "Set+Repating.swift"; sourceTree = "<group>"; };
		81E4E34B28CB56DB00D4DABD /* DemoApp.xcdatamodel */ = {isa = PBXFileReference; lastKnownFileType = wrapper.xcdatamodel; path = DemoApp.xcdatamodel; sourceTree = "<group>"; };
		81E4E34D28CB56DB00D4DABD /* Car.swift */ = {isa = PBXFileReference; fileEncoding = 4; lastKnownFileType = sourcecode.swift; path = Car.swift; sourceTree = "<group>"; };
		81E4E34E28CB56DB00D4DABD /* Employee.swift */ = {isa = PBXFileReference; fileEncoding = 4; lastKnownFileType = sourcecode.swift; path = Employee.swift; sourceTree = "<group>"; };
		81E4E34F28CB56DB00D4DABD /* Company.swift */ = {isa = PBXFileReference; fileEncoding = 4; lastKnownFileType = sourcecode.swift; path = Company.swift; sourceTree = "<group>"; };
		81E4E35428CB572700D4DABD /* BackgroundContextTests.swift */ = {isa = PBXFileReference; fileEncoding = 4; lastKnownFileType = sourcecode.swift; path = BackgroundContextTests.swift; sourceTree = "<group>"; };
		81E4E35528CB572700D4DABD /* ViewContextTests.swift */ = {isa = PBXFileReference; fileEncoding = 4; lastKnownFileType = sourcecode.swift; path = ViewContextTests.swift; sourceTree = "<group>"; };
		81E4E35628CB572700D4DABD /* FetchedObjectsControllerTests.swift */ = {isa = PBXFileReference; fileEncoding = 4; lastKnownFileType = sourcecode.swift; path = FetchedObjectsControllerTests.swift; sourceTree = "<group>"; };
/* End PBXFileReference section */

/* Begin PBXFrameworksBuildPhase section */
		81204F2228CB269F0059FE8F /* Frameworks */ = {
			isa = PBXFrameworksBuildPhase;
			buildActionMask = 2147483647;
			files = (
			);
			runOnlyForDeploymentPostprocessing = 0;
		};
		81204F3D28CB291E0059FE8F /* Frameworks */ = {
			isa = PBXFrameworksBuildPhase;
			buildActionMask = 2147483647;
			files = (
			);
			runOnlyForDeploymentPostprocessing = 0;
		};
/* End PBXFrameworksBuildPhase section */

/* Begin PBXGroup section */
		00E411B269E8F6D97C19F555 /* Frameworks */ = {
			isa = PBXGroup;
			children = (
				813AF85928CB51A4007B1F99 /* SwiftDatastore.framework */,
			);
			name = Frameworks;
			sourceTree = "<group>";
		};
		81204F1C28CB269F0059FE8F = {
			isa = PBXGroup;
			children = (
				81204F2728CB269F0059FE8F /* DemoAppCocoaPods */,
				81204F4128CB291E0059FE8F /* DemoAppCocoaPodsTests */,
				81204F2628CB269F0059FE8F /* Products */,
				00E411B269E8F6D97C19F555 /* Frameworks */,
			);
			sourceTree = "<group>";
		};
		81204F2628CB269F0059FE8F /* Products */ = {
			isa = PBXGroup;
			children = (
				81204F2528CB269F0059FE8F /* DemoAppCocoaPods.app */,
				81204F4028CB291E0059FE8F /* DemoAppCocoaPodsTests.xctest */,
			);
			name = Products;
			sourceTree = "<group>";
		};
		81204F2728CB269F0059FE8F /* DemoAppCocoaPods */ = {
			isa = PBXGroup;
			children = (
				81204F2828CB269F0059FE8F /* AppDelegate.swift */,
				81204F2A28CB269F0059FE8F /* SceneDelegate.swift */,
				81204F2C28CB269F0059FE8F /* ViewController.swift */,
				81204F2E28CB269F0059FE8F /* Main.storyboard */,
				81204F3128CB26A00059FE8F /* Assets.xcassets */,
				81204F3328CB26A00059FE8F /* LaunchScreen.storyboard */,
				81204F3628CB26A00059FE8F /* Info.plist */,
				81E4E34A28CB56DB00D4DABD /* DemoApp.xcdatamodeld */,
				81D1561828F56575008FB6E0 /* TestModel.xcdatamodeld */,
				81D1561D28F56641008FB6E0 /* TestModels */,
				81E4E34C28CB56DB00D4DABD /* Models */,
			);
			path = DemoAppCocoaPods;
			sourceTree = "<group>";
		};
		81204F4128CB291E0059FE8F /* DemoAppCocoaPodsTests */ = {
			isa = PBXGroup;
			children = (
				81D1562428F59FB1008FB6E0 /* Extensions */,
				818A282E28D11C8F00055109 /* Tests */,
			);
			path = DemoAppCocoaPodsTests;
			sourceTree = "<group>";
		};
		818A282E28D11C8F00055109 /* Tests */ = {
			isa = PBXGroup;
			children = (
				81E4E35528CB572700D4DABD /* ViewContextTests.swift */,
				81E4E35428CB572700D4DABD /* BackgroundContextTests.swift */,
				81E4E35628CB572700D4DABD /* FetchedObjectsControllerTests.swift */,
				81D1561628F56494008FB6E0 /* EntityAttributesTests.swift */,
				814A82B428E9AE420078EE85 /* ObserveEntityAttributeTests.swift */,
			);
			path = Tests;
			sourceTree = "<group>";
		};
		81D1561D28F56641008FB6E0 /* TestModels */ = {
			isa = PBXGroup;
			children = (
				81D1561B28F5663A008FB6E0 /* TestOptionalObject.swift */,
				81D1561E28F56AB8008FB6E0 /* TestNotOptionalObject.swift */,
				81D1562028F59E1A008FB6E0 /* TestRelationshipObject.swift */,
			);
			path = TestModels;
			sourceTree = "<group>";
		};
		81D1562428F59FB1008FB6E0 /* Extensions */ = {
			isa = PBXGroup;
			children = (
				81021EB128DB943F00F5A049 /* XCTestExpectation+FulfillmentCount.swift */,
				81D1562228F59FA2008FB6E0 /* Set+Repating.swift */,
			);
			path = Extensions;
			sourceTree = "<group>";
		};
		81E4E34C28CB56DB00D4DABD /* Models */ = {
			isa = PBXGroup;
			children = (
				81E4E34D28CB56DB00D4DABD /* Car.swift */,
				81E4E34E28CB56DB00D4DABD /* Employee.swift */,
				81E4E34F28CB56DB00D4DABD /* Company.swift */,
			);
			path = Models;
			sourceTree = "<group>";
		};
/* End PBXGroup section */

/* Begin PBXNativeTarget section */
		81204F2428CB269F0059FE8F /* DemoAppCocoaPods */ = {
			isa = PBXNativeTarget;
			buildConfigurationList = 81204F3928CB26A00059FE8F /* Build configuration list for PBXNativeTarget "DemoAppCocoaPods" */;
			buildPhases = (
				81204F2128CB269F0059FE8F /* Sources */,
				81204F2228CB269F0059FE8F /* Frameworks */,
				81204F2328CB269F0059FE8F /* Resources */,
			);
			buildRules = (
			);
			dependencies = (
			);
			name = DemoAppCocoaPods;
			productName = DemoAppCocoaPods;
			productReference = 81204F2528CB269F0059FE8F /* DemoAppCocoaPods.app */;
			productType = "com.apple.product-type.application";
		};
		81204F3F28CB291E0059FE8F /* DemoAppCocoaPodsTests */ = {
			isa = PBXNativeTarget;
			buildConfigurationList = 81204F4828CB291E0059FE8F /* Build configuration list for PBXNativeTarget "DemoAppCocoaPodsTests" */;
			buildPhases = (
				81204F3C28CB291E0059FE8F /* Sources */,
				81204F3D28CB291E0059FE8F /* Frameworks */,
				81204F3E28CB291E0059FE8F /* Resources */,
			);
			buildRules = (
			);
			dependencies = (
				81204F4528CB291E0059FE8F /* PBXTargetDependency */,
			);
			name = DemoAppCocoaPodsTests;
			productName = DemoAppCocoaPodsTests;
			productReference = 81204F4028CB291E0059FE8F /* DemoAppCocoaPodsTests.xctest */;
			productType = "com.apple.product-type.bundle.unit-test";
		};
/* End PBXNativeTarget section */

/* Begin PBXProject section */
		81204F1D28CB269F0059FE8F /* Project object */ = {
			isa = PBXProject;
			attributes = {
				BuildIndependentTargetsInParallel = 1;
				LastSwiftUpdateCheck = 1330;
				LastUpgradeCheck = 1330;
				TargetAttributes = {
					81204F2428CB269F0059FE8F = {
						CreatedOnToolsVersion = 13.3;
					};
					81204F3F28CB291E0059FE8F = {
						CreatedOnToolsVersion = 13.3;
						LastSwiftMigration = 1330;
						TestTargetID = 81204F2428CB269F0059FE8F;
					};
				};
			};
			buildConfigurationList = 81204F2028CB269F0059FE8F /* Build configuration list for PBXProject "DemoAppCocoaPods" */;
			compatibilityVersion = "Xcode 13.0";
			developmentRegion = en;
			hasScannedForEncodings = 0;
			knownRegions = (
				en,
				Base,
			);
			mainGroup = 81204F1C28CB269F0059FE8F;
			productRefGroup = 81204F2628CB269F0059FE8F /* Products */;
			projectDirPath = "";
			projectRoot = "";
			targets = (
				81204F2428CB269F0059FE8F /* DemoAppCocoaPods */,
				81204F3F28CB291E0059FE8F /* DemoAppCocoaPodsTests */,
			);
		};
/* End PBXProject section */

/* Begin PBXResourcesBuildPhase section */
		81204F2328CB269F0059FE8F /* Resources */ = {
			isa = PBXResourcesBuildPhase;
			buildActionMask = 2147483647;
			files = (
				81204F3528CB26A00059FE8F /* LaunchScreen.storyboard in Resources */,
				81204F3228CB26A00059FE8F /* Assets.xcassets in Resources */,
				81204F3028CB269F0059FE8F /* Main.storyboard in Resources */,
			);
			runOnlyForDeploymentPostprocessing = 0;
		};
		81204F3E28CB291E0059FE8F /* Resources */ = {
			isa = PBXResourcesBuildPhase;
			buildActionMask = 2147483647;
			files = (
			);
			runOnlyForDeploymentPostprocessing = 0;
		};
/* End PBXResourcesBuildPhase section */

/* Begin PBXSourcesBuildPhase section */
		81204F2128CB269F0059FE8F /* Sources */ = {
			isa = PBXSourcesBuildPhase;
			buildActionMask = 2147483647;
			files = (
				81D1561F28F56AB9008FB6E0 /* TestNotOptionalObject.swift in Sources */,
				81204F2D28CB269F0059FE8F /* ViewController.swift in Sources */,
				81E4E35228CB56DB00D4DABD /* Employee.swift in Sources */,
				81204F2928CB269F0059FE8F /* AppDelegate.swift in Sources */,
				81E4E35128CB56DB00D4DABD /* Car.swift in Sources */,
				81E4E35328CB56DB00D4DABD /* Company.swift in Sources */,
				81E4E35028CB56DB00D4DABD /* DemoApp.xcdatamodeld in Sources */,
				81D1562128F59E1A008FB6E0 /* TestRelationshipObject.swift in Sources */,
				81D1561C28F5663A008FB6E0 /* TestOptionalObject.swift in Sources */,
				81204F2B28CB269F0059FE8F /* SceneDelegate.swift in Sources */,
				81D1561A28F56575008FB6E0 /* TestModel.xcdatamodeld in Sources */,
			);
			runOnlyForDeploymentPostprocessing = 0;
		};
		81204F3C28CB291E0059FE8F /* Sources */ = {
			isa = PBXSourcesBuildPhase;
			buildActionMask = 2147483647;
			files = (
				81E4E35828CB572700D4DABD /* ViewContextTests.swift in Sources */,
				814A82B528E9AE420078EE85 /* ObserveEntityAttributeTests.swift in Sources */,
				81021EB228DB943F00F5A049 /* XCTestExpectation+FulfillmentCount.swift in Sources */,
				81D1561728F56494008FB6E0 /* EntityAttributesTests.swift in Sources */,
				81E4E35728CB572700D4DABD /* BackgroundContextTests.swift in Sources */,
				81D1562328F59FA2008FB6E0 /* Set+Repating.swift in Sources */,
				81E4E35928CB572700D4DABD /* FetchedObjectsControllerTests.swift in Sources */,
			);
			runOnlyForDeploymentPostprocessing = 0;
		};
/* End PBXSourcesBuildPhase section */

/* Begin PBXTargetDependency section */
		81204F4528CB291E0059FE8F /* PBXTargetDependency */ = {
			isa = PBXTargetDependency;
			target = 81204F2428CB269F0059FE8F /* DemoAppCocoaPods */;
			targetProxy = 81204F4428CB291E0059FE8F /* PBXContainerItemProxy */;
		};
/* End PBXTargetDependency section */

/* Begin PBXVariantGroup section */
		81204F2E28CB269F0059FE8F /* Main.storyboard */ = {
			isa = PBXVariantGroup;
			children = (
				81204F2F28CB269F0059FE8F /* Base */,
			);
			name = Main.storyboard;
			sourceTree = "<group>";
		};
		81204F3328CB26A00059FE8F /* LaunchScreen.storyboard */ = {
			isa = PBXVariantGroup;
			children = (
				81204F3428CB26A00059FE8F /* Base */,
			);
			name = LaunchScreen.storyboard;
			sourceTree = "<group>";
		};
/* End PBXVariantGroup section */

/* Begin XCBuildConfiguration section */
		81204F3728CB26A00059FE8F /* Debug */ = {
			isa = XCBuildConfiguration;
			buildSettings = {
				ALWAYS_SEARCH_USER_PATHS = NO;
				CLANG_ANALYZER_NONNULL = YES;
				CLANG_ANALYZER_NUMBER_OBJECT_CONVERSION = YES_AGGRESSIVE;
				CLANG_CXX_LANGUAGE_STANDARD = "gnu++17";
				CLANG_ENABLE_MODULES = YES;
				CLANG_ENABLE_OBJC_ARC = YES;
				CLANG_ENABLE_OBJC_WEAK = YES;
				CLANG_WARN_BLOCK_CAPTURE_AUTORELEASING = YES;
				CLANG_WARN_BOOL_CONVERSION = YES;
				CLANG_WARN_COMMA = YES;
				CLANG_WARN_CONSTANT_CONVERSION = YES;
				CLANG_WARN_DEPRECATED_OBJC_IMPLEMENTATIONS = YES;
				CLANG_WARN_DIRECT_OBJC_ISA_USAGE = YES_ERROR;
				CLANG_WARN_DOCUMENTATION_COMMENTS = YES;
				CLANG_WARN_EMPTY_BODY = YES;
				CLANG_WARN_ENUM_CONVERSION = YES;
				CLANG_WARN_INFINITE_RECURSION = YES;
				CLANG_WARN_INT_CONVERSION = YES;
				CLANG_WARN_NON_LITERAL_NULL_CONVERSION = YES;
				CLANG_WARN_OBJC_IMPLICIT_RETAIN_SELF = YES;
				CLANG_WARN_OBJC_LITERAL_CONVERSION = YES;
				CLANG_WARN_OBJC_ROOT_CLASS = YES_ERROR;
				CLANG_WARN_QUOTED_INCLUDE_IN_FRAMEWORK_HEADER = YES;
				CLANG_WARN_RANGE_LOOP_ANALYSIS = YES;
				CLANG_WARN_STRICT_PROTOTYPES = YES;
				CLANG_WARN_SUSPICIOUS_MOVE = YES;
				CLANG_WARN_UNGUARDED_AVAILABILITY = YES_AGGRESSIVE;
				CLANG_WARN_UNREACHABLE_CODE = YES;
				CLANG_WARN__DUPLICATE_METHOD_MATCH = YES;
				COPY_PHASE_STRIP = NO;
				DEBUG_INFORMATION_FORMAT = dwarf;
				ENABLE_STRICT_OBJC_MSGSEND = YES;
				ENABLE_TESTABILITY = YES;
				GCC_C_LANGUAGE_STANDARD = gnu11;
				GCC_DYNAMIC_NO_PIC = NO;
				GCC_NO_COMMON_BLOCKS = YES;
				GCC_OPTIMIZATION_LEVEL = 0;
				GCC_PREPROCESSOR_DEFINITIONS = (
					"DEBUG=1",
					"$(inherited)",
				);
				GCC_WARN_64_TO_32_BIT_CONVERSION = YES;
				GCC_WARN_ABOUT_RETURN_TYPE = YES_ERROR;
				GCC_WARN_UNDECLARED_SELECTOR = YES;
				GCC_WARN_UNINITIALIZED_AUTOS = YES_AGGRESSIVE;
				GCC_WARN_UNUSED_FUNCTION = YES;
				GCC_WARN_UNUSED_VARIABLE = YES;
				IPHONEOS_DEPLOYMENT_TARGET = 15.4;
				MTL_ENABLE_DEBUG_INFO = INCLUDE_SOURCE;
				MTL_FAST_MATH = YES;
				ONLY_ACTIVE_ARCH = YES;
				SDKROOT = iphoneos;
				SWIFT_ACTIVE_COMPILATION_CONDITIONS = DEBUG;
				SWIFT_OPTIMIZATION_LEVEL = "-Onone";
			};
			name = Debug;
		};
		81204F3828CB26A00059FE8F /* Release */ = {
			isa = XCBuildConfiguration;
			buildSettings = {
				ALWAYS_SEARCH_USER_PATHS = NO;
				CLANG_ANALYZER_NONNULL = YES;
				CLANG_ANALYZER_NUMBER_OBJECT_CONVERSION = YES_AGGRESSIVE;
				CLANG_CXX_LANGUAGE_STANDARD = "gnu++17";
				CLANG_ENABLE_MODULES = YES;
				CLANG_ENABLE_OBJC_ARC = YES;
				CLANG_ENABLE_OBJC_WEAK = YES;
				CLANG_WARN_BLOCK_CAPTURE_AUTORELEASING = YES;
				CLANG_WARN_BOOL_CONVERSION = YES;
				CLANG_WARN_COMMA = YES;
				CLANG_WARN_CONSTANT_CONVERSION = YES;
				CLANG_WARN_DEPRECATED_OBJC_IMPLEMENTATIONS = YES;
				CLANG_WARN_DIRECT_OBJC_ISA_USAGE = YES_ERROR;
				CLANG_WARN_DOCUMENTATION_COMMENTS = YES;
				CLANG_WARN_EMPTY_BODY = YES;
				CLANG_WARN_ENUM_CONVERSION = YES;
				CLANG_WARN_INFINITE_RECURSION = YES;
				CLANG_WARN_INT_CONVERSION = YES;
				CLANG_WARN_NON_LITERAL_NULL_CONVERSION = YES;
				CLANG_WARN_OBJC_IMPLICIT_RETAIN_SELF = YES;
				CLANG_WARN_OBJC_LITERAL_CONVERSION = YES;
				CLANG_WARN_OBJC_ROOT_CLASS = YES_ERROR;
				CLANG_WARN_QUOTED_INCLUDE_IN_FRAMEWORK_HEADER = YES;
				CLANG_WARN_RANGE_LOOP_ANALYSIS = YES;
				CLANG_WARN_STRICT_PROTOTYPES = YES;
				CLANG_WARN_SUSPICIOUS_MOVE = YES;
				CLANG_WARN_UNGUARDED_AVAILABILITY = YES_AGGRESSIVE;
				CLANG_WARN_UNREACHABLE_CODE = YES;
				CLANG_WARN__DUPLICATE_METHOD_MATCH = YES;
				COPY_PHASE_STRIP = NO;
				DEBUG_INFORMATION_FORMAT = "dwarf-with-dsym";
				ENABLE_NS_ASSERTIONS = NO;
				ENABLE_STRICT_OBJC_MSGSEND = YES;
				GCC_C_LANGUAGE_STANDARD = gnu11;
				GCC_NO_COMMON_BLOCKS = YES;
				GCC_WARN_64_TO_32_BIT_CONVERSION = YES;
				GCC_WARN_ABOUT_RETURN_TYPE = YES_ERROR;
				GCC_WARN_UNDECLARED_SELECTOR = YES;
				GCC_WARN_UNINITIALIZED_AUTOS = YES_AGGRESSIVE;
				GCC_WARN_UNUSED_FUNCTION = YES;
				GCC_WARN_UNUSED_VARIABLE = YES;
				IPHONEOS_DEPLOYMENT_TARGET = 15.4;
				MTL_ENABLE_DEBUG_INFO = NO;
				MTL_FAST_MATH = YES;
				SDKROOT = iphoneos;
				SWIFT_COMPILATION_MODE = wholemodule;
				SWIFT_OPTIMIZATION_LEVEL = "-O";
				VALIDATE_PRODUCT = YES;
			};
			name = Release;
		};
		81204F3A28CB26A00059FE8F /* Debug */ = {
			isa = XCBuildConfiguration;
			buildSettings = {
				ALWAYS_EMBED_SWIFT_STANDARD_LIBRARIES = "$(inherited)";
				ASSETCATALOG_COMPILER_APPICON_NAME = AppIcon;
				ASSETCATALOG_COMPILER_GLOBAL_ACCENT_COLOR_NAME = AccentColor;
				CODE_SIGN_STYLE = Automatic;
				CURRENT_PROJECT_VERSION = 1;
				ENABLE_TESTING_SEARCH_PATHS = YES;
				GENERATE_INFOPLIST_FILE = YES;
				INFOPLIST_FILE = DemoAppCocoaPods/Info.plist;
				INFOPLIST_KEY_UIApplicationSupportsIndirectInputEvents = YES;
				INFOPLIST_KEY_UILaunchStoryboardName = LaunchScreen;
				INFOPLIST_KEY_UIMainStoryboardFile = Main;
				INFOPLIST_KEY_UISupportedInterfaceOrientations_iPad = "UIInterfaceOrientationPortrait UIInterfaceOrientationPortraitUpsideDown UIInterfaceOrientationLandscapeLeft UIInterfaceOrientationLandscapeRight";
				INFOPLIST_KEY_UISupportedInterfaceOrientations_iPhone = "UIInterfaceOrientationPortrait UIInterfaceOrientationLandscapeLeft UIInterfaceOrientationLandscapeRight";
				IPHONEOS_DEPLOYMENT_TARGET = 15.0;
				LD_RUNPATH_SEARCH_PATHS = (
					"$(inherited)",
					"@executable_path/Frameworks",
				);
				MARKETING_VERSION = 1.0;
				PRODUCT_BUNDLE_IDENTIFIER = com.private.tk.DemoAppCocoaPods;
				PRODUCT_NAME = "$(TARGET_NAME)";
				SWIFT_EMIT_LOC_STRINGS = YES;
				SWIFT_VERSION = 5.0;
				TARGETED_DEVICE_FAMILY = "1,2";
			};
			name = Debug;
		};
		81204F3B28CB26A00059FE8F /* Release */ = {
			isa = XCBuildConfiguration;
			buildSettings = {
				ALWAYS_EMBED_SWIFT_STANDARD_LIBRARIES = "$(inherited)";
				ASSETCATALOG_COMPILER_APPICON_NAME = AppIcon;
				ASSETCATALOG_COMPILER_GLOBAL_ACCENT_COLOR_NAME = AccentColor;
				CODE_SIGN_STYLE = Automatic;
				CURRENT_PROJECT_VERSION = 1;
				ENABLE_TESTING_SEARCH_PATHS = YES;
				GENERATE_INFOPLIST_FILE = YES;
				INFOPLIST_FILE = DemoAppCocoaPods/Info.plist;
				INFOPLIST_KEY_UIApplicationSupportsIndirectInputEvents = YES;
				INFOPLIST_KEY_UILaunchStoryboardName = LaunchScreen;
				INFOPLIST_KEY_UIMainStoryboardFile = Main;
				INFOPLIST_KEY_UISupportedInterfaceOrientations_iPad = "UIInterfaceOrientationPortrait UIInterfaceOrientationPortraitUpsideDown UIInterfaceOrientationLandscapeLeft UIInterfaceOrientationLandscapeRight";
				INFOPLIST_KEY_UISupportedInterfaceOrientations_iPhone = "UIInterfaceOrientationPortrait UIInterfaceOrientationLandscapeLeft UIInterfaceOrientationLandscapeRight";
				IPHONEOS_DEPLOYMENT_TARGET = 15.0;
				LD_RUNPATH_SEARCH_PATHS = (
					"$(inherited)",
					"@executable_path/Frameworks",
				);
				MARKETING_VERSION = 1.0;
				PRODUCT_BUNDLE_IDENTIFIER = com.private.tk.DemoAppCocoaPods;
				PRODUCT_NAME = "$(TARGET_NAME)";
				SWIFT_EMIT_LOC_STRINGS = YES;
				SWIFT_VERSION = 5.0;
				TARGETED_DEVICE_FAMILY = "1,2";
			};
			name = Release;
		};
		81204F4628CB291E0059FE8F /* Debug */ = {
			isa = XCBuildConfiguration;
			buildSettings = {
				BUNDLE_LOADER = "$(TEST_HOST)";
				CLANG_ENABLE_MODULES = YES;
				CODE_SIGN_STYLE = Automatic;
				CURRENT_PROJECT_VERSION = 1;
				GENERATE_INFOPLIST_FILE = YES;
				IPHONEOS_DEPLOYMENT_TARGET = 15.0;
				LD_RUNPATH_SEARCH_PATHS = (
					"$(inherited)",
					"@executable_path/Frameworks",
					"@loader_path/Frameworks",
				);
				MARKETING_VERSION = 1.0;
				PRODUCT_BUNDLE_IDENTIFIER = com.private.tk.DemoAppCocoaPodsTests;
				PRODUCT_NAME = "$(TARGET_NAME)";
				SWIFT_EMIT_LOC_STRINGS = NO;
				SWIFT_OPTIMIZATION_LEVEL = "-Onone";
				SWIFT_VERSION = 5.0;
				TARGETED_DEVICE_FAMILY = "1,2";
				TEST_HOST = "$(BUILT_PRODUCTS_DIR)/DemoAppCocoaPods.app/DemoAppCocoaPods";
			};
			name = Debug;
		};
		81204F4728CB291E0059FE8F /* Release */ = {
			isa = XCBuildConfiguration;
			buildSettings = {
				BUNDLE_LOADER = "$(TEST_HOST)";
				CLANG_ENABLE_MODULES = YES;
				CODE_SIGN_STYLE = Automatic;
				CURRENT_PROJECT_VERSION = 1;
				GENERATE_INFOPLIST_FILE = YES;
				IPHONEOS_DEPLOYMENT_TARGET = 15.0;
				LD_RUNPATH_SEARCH_PATHS = (
					"$(inherited)",
					"@executable_path/Frameworks",
					"@loader_path/Frameworks",
				);
				MARKETING_VERSION = 1.0;
				PRODUCT_BUNDLE_IDENTIFIER = com.private.tk.DemoAppCocoaPodsTests;
				PRODUCT_NAME = "$(TARGET_NAME)";
				SWIFT_EMIT_LOC_STRINGS = NO;
				SWIFT_VERSION = 5.0;
				TARGETED_DEVICE_FAMILY = "1,2";
				TEST_HOST = "$(BUILT_PRODUCTS_DIR)/DemoAppCocoaPods.app/DemoAppCocoaPods";
			};
			name = Release;
		};
/* End XCBuildConfiguration section */

/* Begin XCConfigurationList section */
		81204F2028CB269F0059FE8F /* Build configuration list for PBXProject "DemoAppCocoaPods" */ = {
			isa = XCConfigurationList;
			buildConfigurations = (
				81204F3728CB26A00059FE8F /* Debug */,
				81204F3828CB26A00059FE8F /* Release */,
			);
			defaultConfigurationIsVisible = 0;
			defaultConfigurationName = Release;
		};
		81204F3928CB26A00059FE8F /* Build configuration list for PBXNativeTarget "DemoAppCocoaPods" */ = {
			isa = XCConfigurationList;
			buildConfigurations = (
				81204F3A28CB26A00059FE8F /* Debug */,
				81204F3B28CB26A00059FE8F /* Release */,
			);
			defaultConfigurationIsVisible = 0;
			defaultConfigurationName = Release;
		};
		81204F4828CB291E0059FE8F /* Build configuration list for PBXNativeTarget "DemoAppCocoaPodsTests" */ = {
			isa = XCConfigurationList;
			buildConfigurations = (
				81204F4628CB291E0059FE8F /* Debug */,
				81204F4728CB291E0059FE8F /* Release */,
			);
			defaultConfigurationIsVisible = 0;
			defaultConfigurationName = Release;
		};
/* End XCConfigurationList section */

/* Begin XCVersionGroup section */
		81D1561828F56575008FB6E0 /* TestModel.xcdatamodeld */ = {
			isa = XCVersionGroup;
			children = (
				81D1561928F56575008FB6E0 /* TestModel.xcdatamodel */,
			);
			currentVersion = 81D1561928F56575008FB6E0 /* TestModel.xcdatamodel */;
			path = TestModel.xcdatamodeld;
			sourceTree = "<group>";
			versionGroupType = wrapper.xcdatamodel;
		};
		81E4E34A28CB56DB00D4DABD /* DemoApp.xcdatamodeld */ = {
			isa = XCVersionGroup;
			children = (
				81E4E34B28CB56DB00D4DABD /* DemoApp.xcdatamodel */,
			);
			currentVersion = 81E4E34B28CB56DB00D4DABD /* DemoApp.xcdatamodel */;
			path = DemoApp.xcdatamodeld;
			sourceTree = "<group>";
			versionGroupType = wrapper.xcdatamodel;
		};
/* End XCVersionGroup section */
	};
	rootObject = 81204F1D28CB269F0059FE8F /* Project object */;
}
